// !$*UTF8*$!
{
	archiveVersion = 1;
	classes = {
	};
	objectVersion = 56;
	objects = {

/* Begin PBXBuildFile section */
		EE7C81BD2C89055E00D3DC1E /* AppDelegate.swift in Sources */ = {isa = PBXBuildFile; fileRef = EE7C81BC2C89055E00D3DC1E /* AppDelegate.swift */; };
		EE7C81BF2C89055E00D3DC1E /* SceneDelegate.swift in Sources */ = {isa = PBXBuildFile; fileRef = EE7C81BE2C89055E00D3DC1E /* SceneDelegate.swift */; };
		EE7C81C12C89055E00D3DC1E /* ViewController.swift in Sources */ = {isa = PBXBuildFile; fileRef = EE7C81C02C89055E00D3DC1E /* ViewController.swift */; };
		EE7C81C42C89055E00D3DC1E /* Base in Resources */ = {isa = PBXBuildFile; fileRef = EE7C81C32C89055E00D3DC1E /* Base */; };
		EE7C81C62C89055F00D3DC1E /* Assets.xcassets in Resources */ = {isa = PBXBuildFile; fileRef = EE7C81C52C89055F00D3DC1E /* Assets.xcassets */; };
		EE7C81C92C89055F00D3DC1E /* Base in Resources */ = {isa = PBXBuildFile; fileRef = EE7C81C82C89055F00D3DC1E /* Base */; };
		EE9C54DD2C8CBFC500D938D0 /* laura-kalbag-foto.jpeg in Resources */ = {isa = PBXBuildFile; fileRef = EE9C54DC2C8CBFC500D938D0 /* laura-kalbag-foto.jpeg */; };
/* End PBXBuildFile section */

/* Begin PBXFileReference section */
		EE7C81B92C89055E00D3DC1E /* tareaUIUX.app */ = {isa = PBXFileReference; explicitFileType = wrapper.application; includeInIndex = 0; path = tareaUIUX.app; sourceTree = BUILT_PRODUCTS_DIR; };
		EE7C81BC2C89055E00D3DC1E /* AppDelegate.swift */ = {isa = PBXFileReference; lastKnownFileType = sourcecode.swift; path = AppDelegate.swift; sourceTree = "<group>"; };
		EE7C81BE2C89055E00D3DC1E /* SceneDelegate.swift */ = {isa = PBXFileReference; lastKnownFileType = sourcecode.swift; path = SceneDelegate.swift; sourceTree = "<group>"; };
		EE7C81C02C89055E00D3DC1E /* ViewController.swift */ = {isa = PBXFileReference; lastKnownFileType = sourcecode.swift; path = ViewController.swift; sourceTree = "<group>"; };
		EE7C81C32C89055E00D3DC1E /* Base */ = {isa = PBXFileReference; lastKnownFileType = file.storyboard; name = Base; path = Base.lproj/Main.storyboard; sourceTree = "<group>"; };
		EE7C81C52C89055F00D3DC1E /* Assets.xcassets */ = {isa = PBXFileReference; lastKnownFileType = folder.assetcatalog; path = Assets.xcassets; sourceTree = "<group>"; };
		EE7C81C82C89055F00D3DC1E /* Base */ = {isa = PBXFileReference; lastKnownFileType = file.storyboard; name = Base; path = Base.lproj/LaunchScreen.storyboard; sourceTree = "<group>"; };
		EE7C81CA2C89055F00D3DC1E /* Info.plist */ = {isa = PBXFileReference; lastKnownFileType = text.plist.xml; path = Info.plist; sourceTree = "<group>"; };
		EE9C54DC2C8CBFC500D938D0 /* laura-kalbag-foto.jpeg */ = {isa = PBXFileReference; lastKnownFileType = image.jpeg; name = "laura-kalbag-foto.jpeg"; path = "../../laura-kalbag-foto.jpeg"; sourceTree = "<group>"; };
/* End PBXFileReference section */

/* Begin PBXFrameworksBuildPhase section */
		EE7C81B62C89055E00D3DC1E /* Frameworks */ = {
			isa = PBXFrameworksBuildPhase;
			buildActionMask = 2147483647;
			files = (
			);
			runOnlyForDeploymentPostprocessing = 0;
		};
/* End PBXFrameworksBuildPhase section */

/* Begin PBXGroup section */
		EE7C81B02C89055E00D3DC1E = {
			isa = PBXGroup;
			children = (
				EE7C81BB2C89055E00D3DC1E /* tareaUIUX */,
				EE7C81BA2C89055E00D3DC1E /* Products */,
			);
			sourceTree = "<group>";
		};
		EE7C81BA2C89055E00D3DC1E /* Products */ = {
			isa = PBXGroup;
			children = (
				EE7C81B92C89055E00D3DC1E /* tareaUIUX.app */,
			);
			name = Products;
			sourceTree = "<group>";
		};
		EE7C81BB2C89055E00D3DC1E /* tareaUIUX */ = {
			isa = PBXGroup;
			children = (
				EE7C81BC2C89055E00D3DC1E /* AppDelegate.swift */,
				EE7C81BE2C89055E00D3DC1E /* SceneDelegate.swift */,
				EE7C81C02C89055E00D3DC1E /* ViewController.swift */,
				EE7C81C22C89055E00D3DC1E /* Main.storyboard */,
				EE7C81C52C89055F00D3DC1E /* Assets.xcassets */,
				EE7C81C72C89055F00D3DC1E /* LaunchScreen.storyboard */,
				EE7C81CA2C89055F00D3DC1E /* Info.plist */,
				EE9C54DC2C8CBFC500D938D0 /* laura-kalbag-foto.jpeg */,
			);
			path = tareaUIUX;
			sourceTree = "<group>";
		};
/* End PBXGroup section */

/* Begin PBXNativeTarget section */
		EE7C81B82C89055E00D3DC1E /* tareaUIUX */ = {
			isa = PBXNativeTarget;
			buildConfigurationList = EE7C81CD2C89055F00D3DC1E /* Build configuration list for PBXNativeTarget "tareaUIUX" */;
			buildPhases = (
				EE7C81B52C89055E00D3DC1E /* Sources */,
				EE7C81B62C89055E00D3DC1E /* Frameworks */,
				EE7C81B72C89055E00D3DC1E /* Resources */,
			);
			buildRules = (
			);
			dependencies = (
			);
			name = tareaUIUX;
			productName = tareaUIUX;
			productReference = EE7C81B92C89055E00D3DC1E /* tareaUIUX.app */;
			productType = "com.apple.product-type.application";
		};
/* End PBXNativeTarget section */

/* Begin PBXProject section */
		EE7C81B12C89055E00D3DC1E /* Project object */ = {
			isa = PBXProject;
			attributes = {
				BuildIndependentTargetsInParallel = 1;
				LastSwiftUpdateCheck = 1540;
				LastUpgradeCheck = 1540;
				TargetAttributes = {
					EE7C81B82C89055E00D3DC1E = {
						CreatedOnToolsVersion = 15.4;
					};
				};
			};
			buildConfigurationList = EE7C81B42C89055E00D3DC1E /* Build configuration list for PBXProject "tareaUIUX" */;
			compatibilityVersion = "Xcode 14.0";
			developmentRegion = en;
			hasScannedForEncodings = 0;
			knownRegions = (
				en,
				Base,
			);
			mainGroup = EE7C81B02C89055E00D3DC1E;
			productRefGroup = EE7C81BA2C89055E00D3DC1E /* Products */;
			projectDirPath = "";
			projectRoot = "";
			targets = (
				EE7C81B82C89055E00D3DC1E /* tareaUIUX */,
			);
		};
/* End PBXProject section */

/* Begin PBXResourcesBuildPhase section */
		EE7C81B72C89055E00D3DC1E /* Resources */ = {
			isa = PBXResourcesBuildPhase;
			buildActionMask = 2147483647;
			files = (
				EE7C81C62C89055F00D3DC1E /* Assets.xcassets in Resources */,
				EE7C81C92C89055F00D3DC1E /* Base in Resources */,
				EE7C81C42C89055E00D3DC1E /* Base in Resources */,
				EE9C54DD2C8CBFC500D938D0 /* laura-kalbag-foto.jpeg in Resources */,
			);
			runOnlyForDeploymentPostprocessing = 0;
		};
/* End PBXResourcesBuildPhase section */

/* Begin PBXSourcesBuildPhase section */
		EE7C81B52C89055E00D3DC1E /* Sources */ = {
			isa = PBXSourcesBuildPhase;
			buildActionMask = 2147483647;
			files = (
				EE7C81C12C89055E00D3DC1E /* ViewController.swift in Sources */,
				EE7C81BD2C89055E00D3DC1E /* AppDelegate.swift in Sources */,
				EE7C81BF2C89055E00D3DC1E /* SceneDelegate.swift in Sources */,
			);
			runOnlyForDeploymentPostprocessing = 0;
		};
/* End PBXSourcesBuildPhase section */

/* Begin PBXVariantGroup section */
		EE7C81C22C89055E00D3DC1E /* Main.storyboard */ = {
			isa = PBXVariantGroup;
			children = (
				EE7C81C32C89055E00D3DC1E /* Base */,
			);
			name = Main.storyboard;
			sourceTree = "<group>";
		};
		EE7C81C72C89055F00D3DC1E /* LaunchScreen.storyboard */ = {
			isa = PBXVariantGroup;
			children = (
				EE7C81C82C89055F00D3DC1E /* Base */,
			);
			name = LaunchScreen.storyboard;
			sourceTree = "<group>";
		};
/* End PBXVariantGroup section */

/* Begin XCBuildConfiguration section */
		EE7C81CB2C89055F00D3DC1E /* Debug */ = {
			isa = XCBuildConfiguration;
			buildSettings = {
				ALWAYS_SEARCH_USER_PATHS = NO;
				ASSETCATALOG_COMPILER_GENERATE_SWIFT_ASSET_SYMBOL_EXTENSIONS = YES;
				CLANG_ANALYZER_NONNULL = YES;
				CLANG_ANALYZER_NUMBER_OBJECT_CONVERSION = YES_AGGRESSIVE;
				CLANG_CXX_LANGUAGE_STANDARD = "gnu++20";
				CLANG_ENABLE_MODULES = YES;
				CLANG_ENABLE_OBJC_ARC = YES;
				CLANG_ENABLE_OBJC_WEAK = YES;
				CLANG_WARN_BLOCK_CAPTURE_AUTORELEASING = YES;
				CLANG_WARN_BOOL_CONVERSION = YES;
				CLANG_WARN_COMMA = YES;
				CLANG_WARN_CONSTANT_CONVERSION = YES;
				CLANG_WARN_DEPRECATED_OBJC_IMPLEMENTATIONS = YES;
				CLANG_WARN_DIRECT_OBJC_ISA_USAGE = YES_ERROR;
				CLANG_WARN_DOCUMENTATION_COMMENTS = YES;
				CLANG_WARN_EMPTY_BODY = YES;
				CLANG_WARN_ENUM_CONVERSION = YES;
				CLANG_WARN_INFINITE_RECURSION = YES;
				CLANG_WARN_INT_CONVERSION = YES;
				CLANG_WARN_NON_LITERAL_NULL_CONVERSION = YES;
				CLANG_WARN_OBJC_IMPLICIT_RETAIN_SELF = YES;
				CLANG_WARN_OBJC_LITERAL_CONVERSION = YES;
				CLANG_WARN_OBJC_ROOT_CLASS = YES_ERROR;
				CLANG_WARN_QUOTED_INCLUDE_IN_FRAMEWORK_HEADER = YES;
				CLANG_WARN_RANGE_LOOP_ANALYSIS = YES;
				CLANG_WARN_STRICT_PROTOTYPES = YES;
				CLANG_WARN_SUSPICIOUS_MOVE = YES;
				CLANG_WARN_UNGUARDED_AVAILABILITY = YES_AGGRESSIVE;
				CLANG_WARN_UNREACHABLE_CODE = YES;
				CLANG_WARN__DUPLICATE_METHOD_MATCH = YES;
				COPY_PHASE_STRIP = NO;
				DEBUG_INFORMATION_FORMAT = dwarf;
				ENABLE_STRICT_OBJC_MSGSEND = YES;
				ENABLE_TESTABILITY = YES;
				ENABLE_USER_SCRIPT_SANDBOXING = YES;
				GCC_C_LANGUAGE_STANDARD = gnu17;
				GCC_DYNAMIC_NO_PIC = NO;
				GCC_NO_COMMON_BLOCKS = YES;
				GCC_OPTIMIZATION_LEVEL = 0;
				GCC_PREPROCESSOR_DEFINITIONS = (
					"DEBUG=1",
					"$(inherited)",
				);
				GCC_WARN_64_TO_32_BIT_CONVERSION = YES;
				GCC_WARN_ABOUT_RETURN_TYPE = YES_ERROR;
				GCC_WARN_UNDECLARED_SELECTOR = YES;
				GCC_WARN_UNINITIALIZED_AUTOS = YES_AGGRESSIVE;
				GCC_WARN_UNUSED_FUNCTION = YES;
				GCC_WARN_UNUSED_VARIABLE = YES;
				IPHONEOS_DEPLOYMENT_TARGET = 17.5;
				LOCALIZATION_PREFERS_STRING_CATALOGS = YES;
				MTL_ENABLE_DEBUG_INFO = INCLUDE_SOURCE;
				MTL_FAST_MATH = YES;
				ONLY_ACTIVE_ARCH = YES;
				SDKROOT = iphoneos;
				SWIFT_ACTIVE_COMPILATION_CONDITIONS = "DEBUG $(inherited)";
				SWIFT_OPTIMIZATION_LEVEL = "-Onone";
			};
			name = Debug;
		};
		EE7C81CC2C89055F00D3DC1E /* Release */ = {
			isa = XCBuildConfiguration;
			buildSettings = {
				ALWAYS_SEARCH_USER_PATHS = NO;
				ASSETCATALOG_COMPILER_GENERATE_SWIFT_ASSET_SYMBOL_EXTENSIONS = YES;
				CLANG_ANALYZER_NONNULL = YES;
				CLANG_ANALYZER_NUMBER_OBJECT_CONVERSION = YES_AGGRESSIVE;
				CLANG_CXX_LANGUAGE_STANDARD = "gnu++20";
				CLANG_ENABLE_MODULES = YES;
				CLANG_ENABLE_OBJC_ARC = YES;
				CLANG_ENABLE_OBJC_WEAK = YES;
				CLANG_WARN_BLOCK_CAPTURE_AUTORELEASING = YES;
				CLANG_WARN_BOOL_CONVERSION = YES;
				CLANG_WARN_COMMA = YES;
				CLANG_WARN_CONSTANT_CONVERSION = YES;
				CLANG_WARN_DEPRECATED_OBJC_IMPLEMENTATIONS = YES;
				CLANG_WARN_DIRECT_OBJC_ISA_USAGE = YES_ERROR;
				CLANG_WARN_DOCUMENTATION_COMMENTS = YES;
				CLANG_WARN_EMPTY_BODY = YES;
				CLANG_WARN_ENUM_CONVERSION = YES;
				CLANG_WARN_INFINITE_RECURSION = YES;
				CLANG_WARN_INT_CONVERSION = YES;
				CLANG_WARN_NON_LITERAL_NULL_CONVERSION = YES;
				CLANG_WARN_OBJC_IMPLICIT_RETAIN_SELF = YES;
				CLANG_WARN_OBJC_LITERAL_CONVERSION = YES;
				CLANG_WARN_OBJC_ROOT_CLASS = YES_ERROR;
				CLANG_WARN_QUOTED_INCLUDE_IN_FRAMEWORK_HEADER = YES;
				CLANG_WARN_RANGE_LOOP_ANALYSIS = YES;
				CLANG_WARN_STRICT_PROTOTYPES = YES;
				CLANG_WARN_SUSPICIOUS_MOVE = YES;
				CLANG_WARN_UNGUARDED_AVAILABILITY = YES_AGGRESSIVE;
				CLANG_WARN_UNREACHABLE_CODE = YES;
				CLANG_WARN__DUPLICATE_METHOD_MATCH = YES;
				COPY_PHASE_STRIP = NO;
				DEBUG_INFORMATION_FORMAT = "dwarf-with-dsym";
				ENABLE_NS_ASSERTIONS = NO;
				ENABLE_STRICT_OBJC_MSGSEND = YES;
				ENABLE_USER_SCRIPT_SANDBOXING = YES;
				GCC_C_LANGUAGE_STANDARD = gnu17;
				GCC_NO_COMMON_BLOCKS = YES;
				GCC_WARN_64_TO_32_BIT_CONVERSION = YES;
				GCC_WARN_ABOUT_RETURN_TYPE = YES_ERROR;
				GCC_WARN_UNDECLARED_SELECTOR = YES;
				GCC_WARN_UNINITIALIZED_AUTOS = YES_AGGRESSIVE;
				GCC_WARN_UNUSED_FUNCTION = YES;
				GCC_WARN_UNUSED_VARIABLE = YES;
				IPHONEOS_DEPLOYMENT_TARGET = 17.5;
				LOCALIZATION_PREFERS_STRING_CATALOGS = YES;
				MTL_ENABLE_DEBUG_INFO = NO;
				MTL_FAST_MATH = YES;
				SDKROOT = iphoneos;
				SWIFT_COMPILATION_MODE = wholemodule;
				VALIDATE_PRODUCT = YES;
			};
			name = Release;
		};
		EE7C81CE2C89055F00D3DC1E /* Debug */ = {
			isa = XCBuildConfiguration;
			buildSettings = {
				ASSETCATALOG_COMPILER_APPICON_NAME = AppIcon;
				ASSETCATALOG_COMPILER_GLOBAL_ACCENT_COLOR_NAME = AccentColor;
				CODE_SIGN_STYLE = Automatic;
				CURRENT_PROJECT_VERSION = 1;
				GENERATE_INFOPLIST_FILE = YES;
				INFOPLIST_FILE = tareaUIUX/Info.plist;
				INFOPLIST_KEY_UIApplicationSupportsIndirectInputEvents = YES;
				INFOPLIST_KEY_UILaunchStoryboardName = LaunchScreen;
				INFOPLIST_KEY_UIMainStoryboardFile = Main;
				INFOPLIST_KEY_UISupportedInterfaceOrientations = UIInterfaceOrientationPortrait;
				INFOPLIST_KEY_UISupportedInterfaceOrientations_iPad = "UIInterfaceOrientationLandscapeLeft UIInterfaceOrientationLandscapeRight UIInterfaceOrientationPortrait UIInterfaceOrientationPortraitUpsideDown";
				LD_RUNPATH_SEARCH_PATHS = (
					"$(inherited)",
					"@executable_path/Frameworks",
				);
				MARKETING_VERSION = 1.0;
				PRODUCT_BUNDLE_IDENTIFIER = acr301.tareaUIUX;
				PRODUCT_NAME = "$(TARGET_NAME)";
				SWIFT_EMIT_LOC_STRINGS = YES;
				SWIFT_VERSION = 5.0;
				TARGETED_DEVICE_FAMILY = "1,2";
			};
			name = Debug;
		};
		EE7C81CF2C89055F00D3DC1E /* Release */ = {
			isa = XCBuildConfiguration;
			buildSettings = {
				ASSETCATALOG_COMPILER_APPICON_NAME = AppIcon;
				ASSETCATALOG_COMPILER_GLOBAL_ACCENT_COLOR_NAME = AccentColor;
				CODE_SIGN_STYLE = Automatic;
				CURRENT_PROJECT_VERSION = 1;
				GENERATE_INFOPLIST_FILE = YES;
				INFOPLIST_FILE = tareaUIUX/Info.plist;
				INFOPLIST_KEY_UIApplicationSupportsIndirectInputEvents = YES;
				INFOPLIST_KEY_UILaunchStoryboardName = LaunchScreen;
				INFOPLIST_KEY_UIMainStoryboardFile = Main;
				INFOPLIST_KEY_UISupportedInterfaceOrientations = UIInterfaceOrientationPortrait;
				INFOPLIST_KEY_UISupportedInterfaceOrientations_iPad = "UIInterfaceOrientationLandscapeLeft UIInterfaceOrientationLandscapeRight UIInterfaceOrientationPortrait UIInterfaceOrientationPortraitUpsideDown";
				LD_RUNPATH_SEARCH_PATHS = (
					"$(inherited)",
					"@executable_path/Frameworks",
				);
				MARKETING_VERSION = 1.0;
				PRODUCT_BUNDLE_IDENTIFIER = acr301.tareaUIUX;
				PRODUCT_NAME = "$(TARGET_NAME)";
				SWIFT_EMIT_LOC_STRINGS = YES;
				SWIFT_VERSION = 5.0;
				TARGETED_DEVICE_FAMILY = "1,2";
			};
			name = Release;
		};
/* End XCBuildConfiguration section */

/* Begin XCConfigurationList section */
		EE7C81B42C89055E00D3DC1E /* Build configuration list for PBXProject "tareaUIUX" */ = {
			isa = XCConfigurationList;
			buildConfigurations = (
				EE7C81CB2C89055F00D3DC1E /* Debug */,
				EE7C81CC2C89055F00D3DC1E /* Release */,
			);
			defaultConfigurationIsVisible = 0;
			defaultConfigurationName = Release;
		};
		EE7C81CD2C89055F00D3DC1E /* Build configuration list for PBXNativeTarget "tareaUIUX" */ = {
			isa = XCConfigurationList;
			buildConfigurations = (
				EE7C81CE2C89055F00D3DC1E /* Debug */,
				EE7C81CF2C89055F00D3DC1E /* Release */,
			);
			defaultConfigurationIsVisible = 0;
			defaultConfigurationName = Release;
		};
/* End XCConfigurationList section */
	};
	rootObject = EE7C81B12C89055E00D3DC1E /* Project object */;
}
