// !$*UTF8*$!
{
	archiveVersion = 1;
	classes = {
	};
	objectVersion = 56;
	objects = {

/* Begin PBXBuildFile section */
		EE51032A2C8F10B900064815 /* structModelo.swift in Sources */ = {isa = PBXBuildFile; fileRef = EE5103292C8F10B900064815 /* structModelo.swift */; };
		EE51032C2C8F123F00064815 /* BuildHelper.swift in Sources */ = {isa = PBXBuildFile; fileRef = EE51032B2C8F123F00064815 /* BuildHelper.swift */; };
		EE82AC062C8F1B9A0051FAA4 /* TopView.swift in Sources */ = {isa = PBXBuildFile; fileRef = EE82AC052C8F1B9A0051FAA4 /* TopView.swift */; };
		EE82AC082C8F1BA60051FAA4 /* BottomView.swift in Sources */ = {isa = PBXBuildFile; fileRef = EE82AC072C8F1BA60051FAA4 /* BottomView.swift */; };
		EE82AC0B2C8F1C390051FAA4 /* CancionCollectionViewCell.swift in Sources */ = {isa = PBXBuildFile; fileRef = EE82AC0A2C8F1C390051FAA4 /* CancionCollectionViewCell.swift */; };
		EEBC4CB52C8E92E400CB6693 /* AppDelegate.swift in Sources */ = {isa = PBXBuildFile; fileRef = EEBC4CB42C8E92E400CB6693 /* AppDelegate.swift */; };
		EEBC4CB72C8E92E400CB6693 /* SceneDelegate.swift in Sources */ = {isa = PBXBuildFile; fileRef = EEBC4CB62C8E92E400CB6693 /* SceneDelegate.swift */; };
		EEBC4CB92C8E92E400CB6693 /* PrimeraPantalla.swift in Sources */ = {isa = PBXBuildFile; fileRef = EEBC4CB82C8E92E400CB6693 /* PrimeraPantalla.swift */; };
		EEBC4CBE2C8E92E500CB6693 /* Assets.xcassets in Resources */ = {isa = PBXBuildFile; fileRef = EEBC4CBD2C8E92E500CB6693 /* Assets.xcassets */; };
		EEBC4CC12C8E92E500CB6693 /* Base in Resources */ = {isa = PBXBuildFile; fileRef = EEBC4CC02C8E92E500CB6693 /* Base */; };
		EEBC4CCE2C8EA23100CB6693 /* TareaViewController.swift in Sources */ = {isa = PBXBuildFile; fileRef = EEBC4CCD2C8EA23100CB6693 /* TareaViewController.swift */; };
/* End PBXBuildFile section */

/* Begin PBXFileReference section */
		EE5103292C8F10B900064815 /* structModelo.swift */ = {isa = PBXFileReference; lastKnownFileType = sourcecode.swift; path = structModelo.swift; sourceTree = "<group>"; };
		EE51032B2C8F123F00064815 /* BuildHelper.swift */ = {isa = PBXFileReference; lastKnownFileType = sourcecode.swift; path = BuildHelper.swift; sourceTree = "<group>"; };
		EE82AC052C8F1B9A0051FAA4 /* TopView.swift */ = {isa = PBXFileReference; lastKnownFileType = sourcecode.swift; path = TopView.swift; sourceTree = "<group>"; };
		EE82AC072C8F1BA60051FAA4 /* BottomView.swift */ = {isa = PBXFileReference; lastKnownFileType = sourcecode.swift; path = BottomView.swift; sourceTree = "<group>"; };
		EE82AC0A2C8F1C390051FAA4 /* CancionCollectionViewCell.swift */ = {isa = PBXFileReference; lastKnownFileType = sourcecode.swift; path = CancionCollectionViewCell.swift; sourceTree = "<group>"; };
		EEBC4CB12C8E92E400CB6693 /* refactorizandoUIUX.app */ = {isa = PBXFileReference; explicitFileType = wrapper.application; includeInIndex = 0; path = refactorizandoUIUX.app; sourceTree = BUILT_PRODUCTS_DIR; };
		EEBC4CB42C8E92E400CB6693 /* AppDelegate.swift */ = {isa = PBXFileReference; lastKnownFileType = sourcecode.swift; path = AppDelegate.swift; sourceTree = "<group>"; };
		EEBC4CB62C8E92E400CB6693 /* SceneDelegate.swift */ = {isa = PBXFileReference; lastKnownFileType = sourcecode.swift; path = SceneDelegate.swift; sourceTree = "<group>"; };
		EEBC4CB82C8E92E400CB6693 /* PrimeraPantalla.swift */ = {isa = PBXFileReference; lastKnownFileType = sourcecode.swift; path = PrimeraPantalla.swift; sourceTree = "<group>"; };
		EEBC4CBD2C8E92E500CB6693 /* Assets.xcassets */ = {isa = PBXFileReference; lastKnownFileType = folder.assetcatalog; path = Assets.xcassets; sourceTree = "<group>"; };
		EEBC4CC02C8E92E500CB6693 /* Base */ = {isa = PBXFileReference; lastKnownFileType = file.storyboard; name = Base; path = Base.lproj/LaunchScreen.storyboard; sourceTree = "<group>"; };
		EEBC4CC22C8E92E500CB6693 /* Info.plist */ = {isa = PBXFileReference; lastKnownFileType = text.plist.xml; path = Info.plist; sourceTree = "<group>"; };
		EEBC4CCD2C8EA23100CB6693 /* TareaViewController.swift */ = {isa = PBXFileReference; lastKnownFileType = sourcecode.swift; path = TareaViewController.swift; sourceTree = "<group>"; };
/* End PBXFileReference section */

/* Begin PBXFrameworksBuildPhase section */
		EEBC4CAE2C8E92E400CB6693 /* Frameworks */ = {
			isa = PBXFrameworksBuildPhase;
			buildActionMask = 2147483647;
			files = (
			);
			runOnlyForDeploymentPostprocessing = 0;
		};
/* End PBXFrameworksBuildPhase section */

/* Begin PBXGroup section */
		EE82AC042C8F189D0051FAA4 /* Helper */ = {
			isa = PBXGroup;
			children = (
				EE51032B2C8F123F00064815 /* BuildHelper.swift */,
			);
			path = Helper;
			sourceTree = "<group>";
		};
		EE82AC092C8F1C120051FAA4 /* Cells */ = {
			isa = PBXGroup;
			children = (
				EE82AC0A2C8F1C390051FAA4 /* CancionCollectionViewCell.swift */,
			);
			path = Cells;
			sourceTree = "<group>";
		};
		EEBC4CA82C8E92E400CB6693 = {
			isa = PBXGroup;
			children = (
				EEBC4CB32C8E92E400CB6693 /* refactorizandoUIUX */,
				EEBC4CB22C8E92E400CB6693 /* Products */,
			);
			sourceTree = "<group>";
		};
		EEBC4CB22C8E92E400CB6693 /* Products */ = {
			isa = PBXGroup;
			children = (
				EEBC4CB12C8E92E400CB6693 /* refactorizandoUIUX.app */,
			);
			name = Products;
			sourceTree = "<group>";
		};
		EEBC4CB32C8E92E400CB6693 /* refactorizandoUIUX */ = {
			isa = PBXGroup;
			children = (
				EE82AC042C8F189D0051FAA4 /* Helper */,
				EEBC4CCC2C8EA1CA00CB6693 /* Apoyo */,
				EEBC4CCB2C8E9A2700CB6693 /* Controller */,
				EEBC4CCA2C8E9A2000CB6693 /* Model */,
				EEBC4CC92C8E99FE00CB6693 /* View */,
				EEBC4CC82C8E99EB00CB6693 /* EntryPoint */,
				EEBC4CC22C8E92E500CB6693 /* Info.plist */,
			);
			path = refactorizandoUIUX;
			sourceTree = "<group>";
		};
		EEBC4CC82C8E99EB00CB6693 /* EntryPoint */ = {
			isa = PBXGroup;
			children = (
				EEBC4CB82C8E92E400CB6693 /* PrimeraPantalla.swift */,
			);
			path = EntryPoint;
			sourceTree = "<group>";
		};
		EEBC4CC92C8E99FE00CB6693 /* View */ = {
			isa = PBXGroup;
			children = (
				EE82AC092C8F1C120051FAA4 /* Cells */,
				EEBC4CCD2C8EA23100CB6693 /* TareaViewController.swift */,
				EE82AC052C8F1B9A0051FAA4 /* TopView.swift */,
				EE82AC072C8F1BA60051FAA4 /* BottomView.swift */,
			);
			path = View;
			sourceTree = "<group>";
		};
		EEBC4CCA2C8E9A2000CB6693 /* Model */ = {
			isa = PBXGroup;
			children = (
				EE5103292C8F10B900064815 /* structModelo.swift */,
			);
			path = Model;
			sourceTree = "<group>";
		};
		EEBC4CCB2C8E9A2700CB6693 /* Controller */ = {
			isa = PBXGroup;
			children = (
			);
			path = Controller;
			sourceTree = "<group>";
		};
		EEBC4CCC2C8EA1CA00CB6693 /* Apoyo */ = {
			isa = PBXGroup;
			children = (
				EEBC4CBD2C8E92E500CB6693 /* Assets.xcassets */,
				EEBC4CBF2C8E92E500CB6693 /* LaunchScreen.storyboard */,
				EEBC4CB42C8E92E400CB6693 /* AppDelegate.swift */,
				EEBC4CB62C8E92E400CB6693 /* SceneDelegate.swift */,
			);
			path = Apoyo;
			sourceTree = "<group>";
		};
/* End PBXGroup section */

/* Begin PBXNativeTarget section */
		EEBC4CB02C8E92E400CB6693 /* refactorizandoUIUX */ = {
			isa = PBXNativeTarget;
			buildConfigurationList = EEBC4CC52C8E92E500CB6693 /* Build configuration list for PBXNativeTarget "refactorizandoUIUX" */;
			buildPhases = (
				EEBC4CAD2C8E92E400CB6693 /* Sources */,
				EEBC4CAE2C8E92E400CB6693 /* Frameworks */,
				EEBC4CAF2C8E92E400CB6693 /* Resources */,
			);
			buildRules = (
			);
			dependencies = (
			);
			name = refactorizandoUIUX;
			productName = refactorizandoUIUX;
			productReference = EEBC4CB12C8E92E400CB6693 /* refactorizandoUIUX.app */;
			productType = "com.apple.product-type.application";
		};
/* End PBXNativeTarget section */

/* Begin PBXProject section */
		EEBC4CA92C8E92E400CB6693 /* Project object */ = {
			isa = PBXProject;
			attributes = {
				BuildIndependentTargetsInParallel = 1;
				LastSwiftUpdateCheck = 1540;
				LastUpgradeCheck = 1540;
				TargetAttributes = {
					EEBC4CB02C8E92E400CB6693 = {
						CreatedOnToolsVersion = 15.4;
					};
				};
			};
			buildConfigurationList = EEBC4CAC2C8E92E400CB6693 /* Build configuration list for PBXProject "refactorizandoUIUX" */;
			compatibilityVersion = "Xcode 14.0";
			developmentRegion = en;
			hasScannedForEncodings = 0;
			knownRegions = (
				en,
				Base,
			);
			mainGroup = EEBC4CA82C8E92E400CB6693;
			productRefGroup = EEBC4CB22C8E92E400CB6693 /* Products */;
			projectDirPath = "";
			projectRoot = "";
			targets = (
				EEBC4CB02C8E92E400CB6693 /* refactorizandoUIUX */,
			);
		};
/* End PBXProject section */

/* Begin PBXResourcesBuildPhase section */
		EEBC4CAF2C8E92E400CB6693 /* Resources */ = {
			isa = PBXResourcesBuildPhase;
			buildActionMask = 2147483647;
			files = (
				EEBC4CBE2C8E92E500CB6693 /* Assets.xcassets in Resources */,
				EEBC4CC12C8E92E500CB6693 /* Base in Resources */,
			);
			runOnlyForDeploymentPostprocessing = 0;
		};
/* End PBXResourcesBuildPhase section */

/* Begin PBXSourcesBuildPhase section */
		EEBC4CAD2C8E92E400CB6693 /* Sources */ = {
			isa = PBXSourcesBuildPhase;
			buildActionMask = 2147483647;
			files = (
				EE82AC062C8F1B9A0051FAA4 /* TopView.swift in Sources */,
				EE82AC0B2C8F1C390051FAA4 /* CancionCollectionViewCell.swift in Sources */,
				EEBC4CCE2C8EA23100CB6693 /* TareaViewController.swift in Sources */,
				EEBC4CB92C8E92E400CB6693 /* PrimeraPantalla.swift in Sources */,
				EE82AC082C8F1BA60051FAA4 /* BottomView.swift in Sources */,
				EE51032C2C8F123F00064815 /* BuildHelper.swift in Sources */,
				EE51032A2C8F10B900064815 /* structModelo.swift in Sources */,
				EEBC4CB52C8E92E400CB6693 /* AppDelegate.swift in Sources */,
				EEBC4CB72C8E92E400CB6693 /* SceneDelegate.swift in Sources */,
			);
			runOnlyForDeploymentPostprocessing = 0;
		};
/* End PBXSourcesBuildPhase section */

/* Begin PBXVariantGroup section */
		EEBC4CBF2C8E92E500CB6693 /* LaunchScreen.storyboard */ = {
			isa = PBXVariantGroup;
			children = (
				EEBC4CC02C8E92E500CB6693 /* Base */,
			);
			name = LaunchScreen.storyboard;
			sourceTree = "<group>";
		};
/* End PBXVariantGroup section */

/* Begin XCBuildConfiguration section */
		EEBC4CC32C8E92E500CB6693 /* Debug */ = {
			isa = XCBuildConfiguration;
			buildSettings = {
				ALWAYS_SEARCH_USER_PATHS = NO;
				ASSETCATALOG_COMPILER_GENERATE_SWIFT_ASSET_SYMBOL_EXTENSIONS = YES;
				CLANG_ANALYZER_NONNULL = YES;
				CLANG_ANALYZER_NUMBER_OBJECT_CONVERSION = YES_AGGRESSIVE;
				CLANG_CXX_LANGUAGE_STANDARD = "gnu++20";
				CLANG_ENABLE_MODULES = YES;
				CLANG_ENABLE_OBJC_ARC = YES;
				CLANG_ENABLE_OBJC_WEAK = YES;
				CLANG_WARN_BLOCK_CAPTURE_AUTORELEASING = YES;
				CLANG_WARN_BOOL_CONVERSION = YES;
				CLANG_WARN_COMMA = YES;
				CLANG_WARN_CONSTANT_CONVERSION = YES;
				CLANG_WARN_DEPRECATED_OBJC_IMPLEMENTATIONS = YES;
				CLANG_WARN_DIRECT_OBJC_ISA_USAGE = YES_ERROR;
				CLANG_WARN_DOCUMENTATION_COMMENTS = YES;
				CLANG_WARN_EMPTY_BODY = YES;
				CLANG_WARN_ENUM_CONVERSION = YES;
				CLANG_WARN_INFINITE_RECURSION = YES;
				CLANG_WARN_INT_CONVERSION = YES;
				CLANG_WARN_NON_LITERAL_NULL_CONVERSION = YES;
				CLANG_WARN_OBJC_IMPLICIT_RETAIN_SELF = YES;
				CLANG_WARN_OBJC_LITERAL_CONVERSION = YES;
				CLANG_WARN_OBJC_ROOT_CLASS = YES_ERROR;
				CLANG_WARN_QUOTED_INCLUDE_IN_FRAMEWORK_HEADER = YES;
				CLANG_WARN_RANGE_LOOP_ANALYSIS = YES;
				CLANG_WARN_STRICT_PROTOTYPES = YES;
				CLANG_WARN_SUSPICIOUS_MOVE = YES;
				CLANG_WARN_UNGUARDED_AVAILABILITY = YES_AGGRESSIVE;
				CLANG_WARN_UNREACHABLE_CODE = YES;
				CLANG_WARN__DUPLICATE_METHOD_MATCH = YES;
				COPY_PHASE_STRIP = NO;
				DEBUG_INFORMATION_FORMAT = dwarf;
				ENABLE_STRICT_OBJC_MSGSEND = YES;
				ENABLE_TESTABILITY = YES;
				ENABLE_USER_SCRIPT_SANDBOXING = YES;
				GCC_C_LANGUAGE_STANDARD = gnu17;
				GCC_DYNAMIC_NO_PIC = NO;
				GCC_NO_COMMON_BLOCKS = YES;
				GCC_OPTIMIZATION_LEVEL = 0;
				GCC_PREPROCESSOR_DEFINITIONS = (
					"DEBUG=1",
					"$(inherited)",
				);
				GCC_WARN_64_TO_32_BIT_CONVERSION = YES;
				GCC_WARN_ABOUT_RETURN_TYPE = YES_ERROR;
				GCC_WARN_UNDECLARED_SELECTOR = YES;
				GCC_WARN_UNINITIALIZED_AUTOS = YES_AGGRESSIVE;
				GCC_WARN_UNUSED_FUNCTION = YES;
				GCC_WARN_UNUSED_VARIABLE = YES;
				IPHONEOS_DEPLOYMENT_TARGET = 17.5;
				LOCALIZATION_PREFERS_STRING_CATALOGS = YES;
				MTL_ENABLE_DEBUG_INFO = INCLUDE_SOURCE;
				MTL_FAST_MATH = YES;
				ONLY_ACTIVE_ARCH = YES;
				SDKROOT = iphoneos;
				SWIFT_ACTIVE_COMPILATION_CONDITIONS = "DEBUG $(inherited)";
				SWIFT_OPTIMIZATION_LEVEL = "-Onone";
			};
			name = Debug;
		};
		EEBC4CC42C8E92E500CB6693 /* Release */ = {
			isa = XCBuildConfiguration;
			buildSettings = {
				ALWAYS_SEARCH_USER_PATHS = NO;
				ASSETCATALOG_COMPILER_GENERATE_SWIFT_ASSET_SYMBOL_EXTENSIONS = YES;
				CLANG_ANALYZER_NONNULL = YES;
				CLANG_ANALYZER_NUMBER_OBJECT_CONVERSION = YES_AGGRESSIVE;
				CLANG_CXX_LANGUAGE_STANDARD = "gnu++20";
				CLANG_ENABLE_MODULES = YES;
				CLANG_ENABLE_OBJC_ARC = YES;
				CLANG_ENABLE_OBJC_WEAK = YES;
				CLANG_WARN_BLOCK_CAPTURE_AUTORELEASING = YES;
				CLANG_WARN_BOOL_CONVERSION = YES;
				CLANG_WARN_COMMA = YES;
				CLANG_WARN_CONSTANT_CONVERSION = YES;
				CLANG_WARN_DEPRECATED_OBJC_IMPLEMENTATIONS = YES;
				CLANG_WARN_DIRECT_OBJC_ISA_USAGE = YES_ERROR;
				CLANG_WARN_DOCUMENTATION_COMMENTS = YES;
				CLANG_WARN_EMPTY_BODY = YES;
				CLANG_WARN_ENUM_CONVERSION = YES;
				CLANG_WARN_INFINITE_RECURSION = YES;
				CLANG_WARN_INT_CONVERSION = YES;
				CLANG_WARN_NON_LITERAL_NULL_CONVERSION = YES;
				CLANG_WARN_OBJC_IMPLICIT_RETAIN_SELF = YES;
				CLANG_WARN_OBJC_LITERAL_CONVERSION = YES;
				CLANG_WARN_OBJC_ROOT_CLASS = YES_ERROR;
				CLANG_WARN_QUOTED_INCLUDE_IN_FRAMEWORK_HEADER = YES;
				CLANG_WARN_RANGE_LOOP_ANALYSIS = YES;
				CLANG_WARN_STRICT_PROTOTYPES = YES;
				CLANG_WARN_SUSPICIOUS_MOVE = YES;
				CLANG_WARN_UNGUARDED_AVAILABILITY = YES_AGGRESSIVE;
				CLANG_WARN_UNREACHABLE_CODE = YES;
				CLANG_WARN__DUPLICATE_METHOD_MATCH = YES;
				COPY_PHASE_STRIP = NO;
				DEBUG_INFORMATION_FORMAT = "dwarf-with-dsym";
				ENABLE_NS_ASSERTIONS = NO;
				ENABLE_STRICT_OBJC_MSGSEND = YES;
				ENABLE_USER_SCRIPT_SANDBOXING = YES;
				GCC_C_LANGUAGE_STANDARD = gnu17;
				GCC_NO_COMMON_BLOCKS = YES;
				GCC_WARN_64_TO_32_BIT_CONVERSION = YES;
				GCC_WARN_ABOUT_RETURN_TYPE = YES_ERROR;
				GCC_WARN_UNDECLARED_SELECTOR = YES;
				GCC_WARN_UNINITIALIZED_AUTOS = YES_AGGRESSIVE;
				GCC_WARN_UNUSED_FUNCTION = YES;
				GCC_WARN_UNUSED_VARIABLE = YES;
				IPHONEOS_DEPLOYMENT_TARGET = 17.5;
				LOCALIZATION_PREFERS_STRING_CATALOGS = YES;
				MTL_ENABLE_DEBUG_INFO = NO;
				MTL_FAST_MATH = YES;
				SDKROOT = iphoneos;
				SWIFT_COMPILATION_MODE = wholemodule;
				VALIDATE_PRODUCT = YES;
			};
			name = Release;
		};
		EEBC4CC62C8E92E500CB6693 /* Debug */ = {
			isa = XCBuildConfiguration;
			buildSettings = {
				ASSETCATALOG_COMPILER_APPICON_NAME = AppIcon;
				ASSETCATALOG_COMPILER_GLOBAL_ACCENT_COLOR_NAME = AccentColor;
				CODE_SIGN_STYLE = Automatic;
				CURRENT_PROJECT_VERSION = 1;
				GENERATE_INFOPLIST_FILE = YES;
				INFOPLIST_FILE = refactorizandoUIUX/Info.plist;
				INFOPLIST_KEY_UIApplicationSupportsIndirectInputEvents = YES;
				INFOPLIST_KEY_UILaunchStoryboardName = LaunchScreen;
				INFOPLIST_KEY_UISupportedInterfaceOrientations = UIInterfaceOrientationPortrait;
				INFOPLIST_KEY_UISupportedInterfaceOrientations_iPad = "UIInterfaceOrientationLandscapeLeft UIInterfaceOrientationLandscapeRight UIInterfaceOrientationPortrait UIInterfaceOrientationPortraitUpsideDown";
				LD_RUNPATH_SEARCH_PATHS = (
					"$(inherited)",
					"@executable_path/Frameworks",
				);
				MARKETING_VERSION = 1.0;
				PRODUCT_BUNDLE_IDENTIFIER = acr301.refactorizandoUIUX;
				PRODUCT_NAME = "$(TARGET_NAME)";
				SWIFT_EMIT_LOC_STRINGS = YES;
				SWIFT_VERSION = 5.0;
				TARGETED_DEVICE_FAMILY = "1,2";
			};
			name = Debug;
		};
		EEBC4CC72C8E92E500CB6693 /* Release */ = {
			isa = XCBuildConfiguration;
			buildSettings = {
				ASSETCATALOG_COMPILER_APPICON_NAME = AppIcon;
				ASSETCATALOG_COMPILER_GLOBAL_ACCENT_COLOR_NAME = AccentColor;
				CODE_SIGN_STYLE = Automatic;
				CURRENT_PROJECT_VERSION = 1;
				GENERATE_INFOPLIST_FILE = YES;
				INFOPLIST_FILE = refactorizandoUIUX/Info.plist;
				INFOPLIST_KEY_UIApplicationSupportsIndirectInputEvents = YES;
				INFOPLIST_KEY_UILaunchStoryboardName = LaunchScreen;
				INFOPLIST_KEY_UISupportedInterfaceOrientations = UIInterfaceOrientationPortrait;
				INFOPLIST_KEY_UISupportedInterfaceOrientations_iPad = "UIInterfaceOrientationLandscapeLeft UIInterfaceOrientationLandscapeRight UIInterfaceOrientationPortrait UIInterfaceOrientationPortraitUpsideDown";
				LD_RUNPATH_SEARCH_PATHS = (
					"$(inherited)",
					"@executable_path/Frameworks",
				);
				MARKETING_VERSION = 1.0;
				PRODUCT_BUNDLE_IDENTIFIER = acr301.refactorizandoUIUX;
				PRODUCT_NAME = "$(TARGET_NAME)";
				SWIFT_EMIT_LOC_STRINGS = YES;
				SWIFT_VERSION = 5.0;
				TARGETED_DEVICE_FAMILY = "1,2";
			};
			name = Release;
		};
/* End XCBuildConfiguration section */

/* Begin XCConfigurationList section */
		EEBC4CAC2C8E92E400CB6693 /* Build configuration list for PBXProject "refactorizandoUIUX" */ = {
			isa = XCConfigurationList;
			buildConfigurations = (
				EEBC4CC32C8E92E500CB6693 /* Debug */,
				EEBC4CC42C8E92E500CB6693 /* Release */,
			);
			defaultConfigurationIsVisible = 0;
			defaultConfigurationName = Release;
		};
		EEBC4CC52C8E92E500CB6693 /* Build configuration list for PBXNativeTarget "refactorizandoUIUX" */ = {
			isa = XCConfigurationList;
			buildConfigurations = (
				EEBC4CC62C8E92E500CB6693 /* Debug */,
				EEBC4CC72C8E92E500CB6693 /* Release */,
			);
			defaultConfigurationIsVisible = 0;
			defaultConfigurationName = Release;
		};
/* End XCConfigurationList section */
	};
	rootObject = EEBC4CA92C8E92E400CB6693 /* Project object */;
}
